
Microsoft Visual Studio Solution File, Format Version 12.00
# Visual Studio Version 16
VisualStudioVersion = 16.0.31112.23
MinimumVisualStudioVersion = 10.0.40219.1
Project("{9A19103F-16F7-4668-BE54-9A1E7A4F7556}") = "ImportStackexchange", "ImportStackexchange\ImportStackexchange.csproj", "{DFB87652-6147-4E29-A7B0-2D3636584A9F}"
EndProject
Project("{FAE04EC0-301F-11D3-BF4B-00C04F79EFBC}") = "Tests", "Tests\Tests.csproj", "{DD8DA40B-BB56-42D8-815E-52F4E6ED5B51}"
EndProject
Global
	GlobalSection(SolutionConfigurationPlatforms) = preSolution
		Debug|Any CPU = Debug|Any CPU
		Release|Any CPU = Release|Any CPU
	EndGlobalSection
	GlobalSection(ProjectConfigurationPlatforms) = postSolution
		{DFB87652-6147-4E29-A7B0-2D3636584A9F}.Debug|Any CPU.ActiveCfg = Debug|Any CPU
		{DFB87652-6147-4E29-A7B0-2D3636584A9F}.Debug|Any CPU.Build.0 = Debug|Any CPU
		{DFB87652-6147-4E29-A7B0-2D3636584A9F}.Release|Any CPU.ActiveCfg = Release|Any CPU
		{DFB87652-6147-4E29-A7B0-2D3636584A9F}.Release|Any CPU.Build.0 = Release|Any CPU
		{DD8DA40B-BB56-42D8-815E-52F4E6ED5B51}.Debug|Any CPU.ActiveCfg = Debug|Any CPU
		{DD8DA40B-BB56-42D8-815E-52F4E6ED5B51}.Debug|Any CPU.Build.0 = Debug|Any CPU
		{DD8DA40B-BB56-42D8-815E-52F4E6ED5B51}.Release|Any CPU.ActiveCfg = Release|Any CPU
		{DD8DA40B-BB56-42D8-815E-52F4E6ED5B51}.Release|Any CPU.Build.0 = Release|Any CPU
	EndGlobalSection
	GlobalSection(SolutionProperties) = preSolution
		HideSolutionNode = FALSE
	EndGlobalSection
	GlobalSection(ExtensibilityGlobals) = postSolution
		SolutionGuid = {A0F02CD2-61C0-494F-BBB6-AF227E0BF684}
	EndGlobalSection
EndGlobal
